
Microsoft Visual Studio Solution File, Format Version 12.00
# Visual Studio 2013
VisualStudioVersion = 12.0.21005.1
MinimumVisualStudioVersion = 10.0.40219.1
Project("{FAE04EC0-301F-11D3-BF4B-00C04F79EFBC}") = "Example01", "Example01\Example01.csproj", "{3D896C43-E199-458E-82F0-D162396362D7}"
EndProject
Project("{FAE04EC0-301F-11D3-BF4B-00C04F79EFBC}") = "StateMachines", "StateMachines\StateMachines.csproj", "{CE2FFBF2-6319-423F-952A-E7232466CED3}"
EndProject
Project("{FAE04EC0-301F-11D3-BF4B-00C04F79EFBC}") = "MapStuff", "MapStuff\MapStuff.csproj", "{047012B7-4757-49B1-B7B9-3C32A6C804EB}"
EndProject
Project("{FAE04EC0-301F-11D3-BF4B-00C04F79EFBC}") = "FileIOExample", "FileIOExample\FileIOExample.csproj", "{5C408ADB-F859-4E87-8C38-586817574334}"
EndProject
Project("{FAE04EC0-301F-11D3-BF4B-00C04F79EFBC}") = "MapLibrary", "MapLibrary\MapLibrary.csproj", "{2C4AE2A5-C055-4E25-B0F5-6996F56D8A13}"
EndProject
Project("{FAE04EC0-301F-11D3-BF4B-00C04F79EFBC}") = "ClientDemo", "ClientDemo\ClientDemo.csproj", "{189D17A0-0A8E-4C5D-B698-6C6A3F0F38BA}"
EndProject
Project("{FAE04EC0-301F-11D3-BF4B-00C04F79EFBC}") = "SURiskLibrary", "SURiskLibrary\SURiskLibrary.csproj", "{CD3BF920-B0D2-4744-ADB1-3E8B18E9ECE8}"
EndProject
Project("{FAE04EC0-301F-11D3-BF4B-00C04F79EFBC}") = "MessageDemo", "MessageDemo\MessageDemo.csproj", "{ED94ACEE-FDEC-4CE1-BADC-B9A2CC9CA7B7}"
EndProject
Project("{FAE04EC0-301F-11D3-BF4B-00C04F79EFBC}") = "LewisGUIExample", "LewisGUI\LewisGUIExample.csproj", "{484F55A7-0158-4A02-A811-10C2CF494329}"
EndProject
Project("{FAE04EC0-301F-11D3-BF4B-00C04F79EFBC}") = "InitializationGUI", "InitializationGUI\InitializationGUI.csproj", "{1AD01A3E-385F-4B59-AD09-A8760D986E84}"
EndProject
Project("{FAE04EC0-301F-11D3-BF4B-00C04F79EFBC}") = "ServiceDemo", "ServiceDemo\ServiceDemo.csproj", "{44D1048D-F27F-419B-A327-0E18699F6BCA}"
EndProject
Project("{FAE04EC0-301F-11D3-BF4B-00C04F79EFBC}") = "ServiceDemoHost", "ServiceDemoHost\ServiceDemoHost.csproj", "{B5C21289-86A4-49D6-A22F-CE7578C3040E}"
EndProject
Project("{FAE04EC0-301F-11D3-BF4B-00C04F79EFBC}") = "ServiceDemoClient", "ServiceDemoClient\ServiceDemoClient.csproj", "{4483FBC0-452F-4BB1-9CB6-CFC5A426D4AB}"
EndProject
Global
	GlobalSection(SolutionConfigurationPlatforms) = preSolution
		Debug|Any CPU = Debug|Any CPU
		Release|Any CPU = Release|Any CPU
	EndGlobalSection
	GlobalSection(ProjectConfigurationPlatforms) = postSolution
		{3D896C43-E199-458E-82F0-D162396362D7}.Debug|Any CPU.ActiveCfg = Debug|Any CPU
		{3D896C43-E199-458E-82F0-D162396362D7}.Debug|Any CPU.Build.0 = Debug|Any CPU
		{3D896C43-E199-458E-82F0-D162396362D7}.Release|Any CPU.ActiveCfg = Release|Any CPU
		{3D896C43-E199-458E-82F0-D162396362D7}.Release|Any CPU.Build.0 = Release|Any CPU
		{CE2FFBF2-6319-423F-952A-E7232466CED3}.Debug|Any CPU.ActiveCfg = Debug|Any CPU
		{CE2FFBF2-6319-423F-952A-E7232466CED3}.Debug|Any CPU.Build.0 = Debug|Any CPU
		{CE2FFBF2-6319-423F-952A-E7232466CED3}.Release|Any CPU.ActiveCfg = Release|Any CPU
		{CE2FFBF2-6319-423F-952A-E7232466CED3}.Release|Any CPU.Build.0 = Release|Any CPU
		{047012B7-4757-49B1-B7B9-3C32A6C804EB}.Debug|Any CPU.ActiveCfg = Debug|Any CPU
		{047012B7-4757-49B1-B7B9-3C32A6C804EB}.Debug|Any CPU.Build.0 = Debug|Any CPU
		{047012B7-4757-49B1-B7B9-3C32A6C804EB}.Release|Any CPU.ActiveCfg = Release|Any CPU
		{047012B7-4757-49B1-B7B9-3C32A6C804EB}.Release|Any CPU.Build.0 = Release|Any CPU
		{5C408ADB-F859-4E87-8C38-586817574334}.Debug|Any CPU.ActiveCfg = Debug|Any CPU
		{5C408ADB-F859-4E87-8C38-586817574334}.Debug|Any CPU.Build.0 = Debug|Any CPU
		{5C408ADB-F859-4E87-8C38-586817574334}.Release|Any CPU.ActiveCfg = Release|Any CPU
		{5C408ADB-F859-4E87-8C38-586817574334}.Release|Any CPU.Build.0 = Release|Any CPU
		{2C4AE2A5-C055-4E25-B0F5-6996F56D8A13}.Debug|Any CPU.ActiveCfg = Debug|Any CPU
		{2C4AE2A5-C055-4E25-B0F5-6996F56D8A13}.Debug|Any CPU.Build.0 = Debug|Any CPU
		{2C4AE2A5-C055-4E25-B0F5-6996F56D8A13}.Release|Any CPU.ActiveCfg = Release|Any CPU
		{2C4AE2A5-C055-4E25-B0F5-6996F56D8A13}.Release|Any CPU.Build.0 = Release|Any CPU
		{189D17A0-0A8E-4C5D-B698-6C6A3F0F38BA}.Debug|Any CPU.ActiveCfg = Debug|Any CPU
		{189D17A0-0A8E-4C5D-B698-6C6A3F0F38BA}.Debug|Any CPU.Build.0 = Debug|Any CPU
		{189D17A0-0A8E-4C5D-B698-6C6A3F0F38BA}.Release|Any CPU.ActiveCfg = Release|Any CPU
		{189D17A0-0A8E-4C5D-B698-6C6A3F0F38BA}.Release|Any CPU.Build.0 = Release|Any CPU
		{CD3BF920-B0D2-4744-ADB1-3E8B18E9ECE8}.Debug|Any CPU.ActiveCfg = Debug|Any CPU
		{CD3BF920-B0D2-4744-ADB1-3E8B18E9ECE8}.Debug|Any CPU.Build.0 = Debug|Any CPU
		{CD3BF920-B0D2-4744-ADB1-3E8B18E9ECE8}.Release|Any CPU.ActiveCfg = Release|Any CPU
		{CD3BF920-B0D2-4744-ADB1-3E8B18E9ECE8}.Release|Any CPU.Build.0 = Release|Any CPU
		{ED94ACEE-FDEC-4CE1-BADC-B9A2CC9CA7B7}.Debug|Any CPU.ActiveCfg = Debug|Any CPU
		{ED94ACEE-FDEC-4CE1-BADC-B9A2CC9CA7B7}.Debug|Any CPU.Build.0 = Debug|Any CPU
		{ED94ACEE-FDEC-4CE1-BADC-B9A2CC9CA7B7}.Release|Any CPU.ActiveCfg = Release|Any CPU
		{ED94ACEE-FDEC-4CE1-BADC-B9A2CC9CA7B7}.Release|Any CPU.Build.0 = Release|Any CPU
		{484F55A7-0158-4A02-A811-10C2CF494329}.Debug|Any CPU.ActiveCfg = Debug|Any CPU
		{484F55A7-0158-4A02-A811-10C2CF494329}.Debug|Any CPU.Build.0 = Debug|Any CPU
		{484F55A7-0158-4A02-A811-10C2CF494329}.Release|Any CPU.ActiveCfg = Release|Any CPU
		{484F55A7-0158-4A02-A811-10C2CF494329}.Release|Any CPU.Build.0 = Release|Any CPU
		{1AD01A3E-385F-4B59-AD09-A8760D986E84}.Debug|Any CPU.ActiveCfg = Debug|Any CPU
		{1AD01A3E-385F-4B59-AD09-A8760D986E84}.Debug|Any CPU.Build.0 = Debug|Any CPU
		{1AD01A3E-385F-4B59-AD09-A8760D986E84}.Release|Any CPU.ActiveCfg = Release|Any CPU
		{1AD01A3E-385F-4B59-AD09-A8760D986E84}.Release|Any CPU.Build.0 = Release|Any CPU
		{44D1048D-F27F-419B-A327-0E18699F6BCA}.Debug|Any CPU.ActiveCfg = Debug|Any CPU
		{44D1048D-F27F-419B-A327-0E18699F6BCA}.Debug|Any CPU.Build.0 = Debug|Any CPU
		{44D1048D-F27F-419B-A327-0E18699F6BCA}.Release|Any CPU.ActiveCfg = Release|Any CPU
		{44D1048D-F27F-419B-A327-0E18699F6BCA}.Release|Any CPU.Build.0 = Release|Any CPU
		{B5C21289-86A4-49D6-A22F-CE7578C3040E}.Debug|Any CPU.ActiveCfg = Debug|Any CPU
		{B5C21289-86A4-49D6-A22F-CE7578C3040E}.Debug|Any CPU.Build.0 = Debug|Any CPU
		{B5C21289-86A4-49D6-A22F-CE7578C3040E}.Release|Any CPU.ActiveCfg = Release|Any CPU
		{B5C21289-86A4-49D6-A22F-CE7578C3040E}.Release|Any CPU.Build.0 = Release|Any CPU
		{4483FBC0-452F-4BB1-9CB6-CFC5A426D4AB}.Debug|Any CPU.ActiveCfg = Debug|Any CPU
		{4483FBC0-452F-4BB1-9CB6-CFC5A426D4AB}.Debug|Any CPU.Build.0 = Debug|Any CPU
		{4483FBC0-452F-4BB1-9CB6-CFC5A426D4AB}.Release|Any CPU.ActiveCfg = Release|Any CPU
		{4483FBC0-452F-4BB1-9CB6-CFC5A426D4AB}.Release|Any CPU.Build.0 = Release|Any CPU
	EndGlobalSection
	GlobalSection(SolutionProperties) = preSolution
		HideSolutionNode = FALSE
	EndGlobalSection
EndGlobal
