
Microsoft Visual Studio Solution File, Format Version 12.00
# Visual Studio 2012
Project("{FAE04EC0-301F-11D3-BF4B-00C04F79EFBC}") = "DiceTrial", "DiceTrial\DiceTrial.csproj", "{EAD21F72-510B-4637-9465-20EBCCF94042}"
EndProject
Project("{FAE04EC0-301F-11D3-BF4B-00C04F79EFBC}") = "InitializationGUI", "..\InitializationGUI\InitializationGUI.csproj", "{1AD01A3E-385F-4B59-AD09-A8760D986E84}"
EndProject
Global
	GlobalSection(SolutionConfigurationPlatforms) = preSolution
		Debug|Any CPU = Debug|Any CPU
		Release|Any CPU = Release|Any CPU
	EndGlobalSection
	GlobalSection(ProjectConfigurationPlatforms) = postSolution
		{EAD21F72-510B-4637-9465-20EBCCF94042}.Debug|Any CPU.ActiveCfg = Debug|Any CPU
		{EAD21F72-510B-4637-9465-20EBCCF94042}.Debug|Any CPU.Build.0 = Debug|Any CPU
		{EAD21F72-510B-4637-9465-20EBCCF94042}.Release|Any CPU.ActiveCfg = Release|Any CPU
		{EAD21F72-510B-4637-9465-20EBCCF94042}.Release|Any CPU.Build.0 = Release|Any CPU
		{1AD01A3E-385F-4B59-AD09-A8760D986E84}.Debug|Any CPU.ActiveCfg = Debug|Any CPU
		{1AD01A3E-385F-4B59-AD09-A8760D986E84}.Debug|Any CPU.Build.0 = Debug|Any CPU
		{1AD01A3E-385F-4B59-AD09-A8760D986E84}.Release|Any CPU.ActiveCfg = Release|Any CPU
		{1AD01A3E-385F-4B59-AD09-A8760D986E84}.Release|Any CPU.Build.0 = Release|Any CPU
	EndGlobalSection
	GlobalSection(SolutionProperties) = preSolution
		HideSolutionNode = FALSE
	EndGlobalSection
EndGlobal
